{
  "originHash" : "33e2a7f120f05e2058e300cca02ccba309267b932b84eac9a86b08997c1174a4",
  "pins" : [
    {
      "identity" : "mixpanel-swift",
      "kind" : "remoteSourceControl",
      "location" : "https://github.com/mixpanel/mixpanel-swift",
      "state" : {
        "branch" : "master",
        "revision" : "7459dd6b61665cce9f4f284ccd5dfd1d902aa568"
      }
    },
    {
      "identity" : "superscript-ios",
      "kind" : "remoteSourceControl",
      "location" : "https://github.com/superwall/Superscript-iOS",
      "state" : {
        "revision" : "59227a3450de9b06857986bc317be387bca3ed4b",
        "version" : "1.0.2"
      }
    },
    {
      "identity" : "superwall-ios",
      "kind" : "remoteSourceControl",
      "location" : "https://github.com/superwall/Superwall-iOS",
      "state" : {
        "revision" : "1a9c576245e620b840104048f4dacf471e5f4ad6",
        "version" : "4.7.0"
      }
    }
  ],
  "version" : 3
}
